
Microsoft Visual Studio Solution File, Format Version 12.00
# Visual Studio 15
VisualStudioVersion = 15.0.27703.2018
MinimumVisualStudioVersion = 10.0.40219.1
Project("{FAE04EC0-301F-11D3-BF4B-00C04F79EFBC}") = "Sylabus", "Sylabus\Sylabus.csproj", "{9F3392DC-FB16-4B3C-BD52-F59680459CCB}"
EndProject
Project("{FAE04EC0-301F-11D3-BF4B-00C04F79EFBC}") = "WebApi", "WebApi\WebApi.csproj", "{EA8B7E94-3199-4DFF-A24D-3ECC5FCC5EFA}"
EndProject
Global
	GlobalSection(SolutionConfigurationPlatforms) = preSolution
		Debug|Any CPU = Debug|Any CPU
		Release|Any CPU = Release|Any CPU
	EndGlobalSection
	GlobalSection(ProjectConfigurationPlatforms) = postSolution
		{9F3392DC-FB16-4B3C-BD52-F59680459CCB}.Debug|Any CPU.ActiveCfg = Debug|Any CPU
		{9F3392DC-FB16-4B3C-BD52-F59680459CCB}.Debug|Any CPU.Build.0 = Debug|Any CPU
		{9F3392DC-FB16-4B3C-BD52-F59680459CCB}.Release|Any CPU.ActiveCfg = Release|Any CPU
		{9F3392DC-FB16-4B3C-BD52-F59680459CCB}.Release|Any CPU.Build.0 = Release|Any CPU
		{EA8B7E94-3199-4DFF-A24D-3ECC5FCC5EFA}.Debug|Any CPU.ActiveCfg = Debug|Any CPU
		{EA8B7E94-3199-4DFF-A24D-3ECC5FCC5EFA}.Debug|Any CPU.Build.0 = Debug|Any CPU
		{EA8B7E94-3199-4DFF-A24D-3ECC5FCC5EFA}.Release|Any CPU.ActiveCfg = Release|Any CPU
		{EA8B7E94-3199-4DFF-A24D-3ECC5FCC5EFA}.Release|Any CPU.Build.0 = Release|Any CPU
	EndGlobalSection
	GlobalSection(SolutionProperties) = preSolution
		HideSolutionNode = FALSE
	EndGlobalSection
	GlobalSection(ExtensibilityGlobals) = postSolution
		SolutionGuid = {B62555C4-E253-44AE-9FCE-6310CCA3D937}
	EndGlobalSection
EndGlobal
